// !$*UTF8*$!
{
	archiveVersion = 1;
	classes = {
	};
	objectVersion = 46;
	objects = {

/* Begin PBXBuildFile section */
		003DB6CBCF08439C838F6872 /* CDVLocation.m in Sources */ = {isa = PBXBuildFile; fileRef = E6EF9B1D1A0E406B91C8176A /* CDVLocation.m */; };
		0207DA581B56EA530066E2B4 /* Images.xcassets in Resources */ = {isa = PBXBuildFile; fileRef = 0207DA571B56EA530066E2B4 /* Images.xcassets */; };
		05C4DC037E064DC2B7E4231F /* CDVLogger.m in Sources */ = {isa = PBXBuildFile; fileRef = 9D591C18BF8B4D0A8E90A115 /* CDVLogger.m */; };
		0D3A73BE60D44A9DA6F289A4 /* CDVReachability.m in Sources */ = {isa = PBXBuildFile; fileRef = 89D8937CDE234D51830C2FDB /* CDVReachability.m */; };
		0D5C8C8086D1487EAA086774 /* CoreTelephony.framework in Frameworks */ = {isa = PBXBuildFile; fileRef = D9DDECBD6F804105A34F6393 /* CoreTelephony.framework */; };
		135716DFA6A54E268D26CEEC /* CDVSplashScreen.m in Sources */ = {isa = PBXBuildFile; fileRef = BF71A278A9734A208D276858 /* CDVSplashScreen.m */; };
		1515C2521BC54159A188397D /* CDVDevice.m in Sources */ = {isa = PBXBuildFile; fileRef = B1A1D01DE1C345ECBCCAB379 /* CDVDevice.m */; };
		1A4346CF0F4E41EC947849E8 /* CDVAccelerometer.m in Sources */ = {isa = PBXBuildFile; fileRef = 5EE091F5EF1040D3A50BA040 /* CDVAccelerometer.m */; };
		1D00ACBF954E41C3BB7E4CC5 /* CDVStatusBar.m in Sources */ = {isa = PBXBuildFile; fileRef = 0DD6A5DB39CF44E9A1E2DB5C /* CDVStatusBar.m */; };
		1D3623260D0F684500981E51 /* AppDelegate.m in Sources */ = {isa = PBXBuildFile; fileRef = 1D3623250D0F684500981E51 /* AppDelegate.m */; };
		1D60589B0D05DD56006BFB54 /* main.m in Sources */ = {isa = PBXBuildFile; fileRef = 29B97316FDCFA39411CA2CEA /* main.m */; };
		21ED322DA9954221BE972491 /* EventKit.framework in Frameworks */ = {isa = PBXBuildFile; fileRef = 88B2B419B71D43B2BC6F7C7C /* EventKit.framework */; };
		2A4ED774C31B4C3DA0150B72 /* CDVAssetLibraryFilesystem.m in Sources */ = {isa = PBXBuildFile; fileRef = 2E775587198545BA95572D19 /* CDVAssetLibraryFilesystem.m */; };
		2F6A3C8CD05746F490B9058E /* CoreMotion.framework in Frameworks */ = {isa = PBXBuildFile; fileRef = 2B5913DF347C4C9281DA01E1 /* CoreMotion.framework */; };
		301BF552109A68D80062928A /* libCordova.a in Frameworks */ = {isa = PBXBuildFile; fileRef = 301BF535109A57CC0062928A /* libCordova.a */; };
		302D95F114D2391D003F00A1 /* MainViewController.m in Sources */ = {isa = PBXBuildFile; fileRef = 302D95EF14D2391D003F00A1 /* MainViewController.m */; };
		302D95F214D2391D003F00A1 /* MainViewController.xib in Resources */ = {isa = PBXBuildFile; fileRef = 302D95F014D2391D003F00A1 /* MainViewController.xib */; };
		3717DCD543DA4CA3A86680B0 /* CDVFileTransfer.m in Sources */ = {isa = PBXBuildFile; fileRef = 6F2FADBA4F8D4F73951F3C4E /* CDVFileTransfer.m */; };
		3AF59120F63E43C79D256275 /* CDVLocalFilesystem.m in Sources */ = {isa = PBXBuildFile; fileRef = 2EF116A8D1C74D5A817FCB59 /* CDVLocalFilesystem.m */; };
		42ED59A2259549E68EB13181 /* CDVJpegHeaderWriter.m in Sources */ = {isa = PBXBuildFile; fileRef = E9E183DDB60F42CB9DDD91E0 /* CDVJpegHeaderWriter.m */; };
		45243251D712439AAED897A5 /* CDVNotification.bundle in Resources */ = {isa = PBXBuildFile; fileRef = DB679D8BCCB5492884588D63 /* CDVNotification.bundle */; };
		4D42A587EA8B436FBDCDC758 /* UIImage+CropScaleOrientation.m in Sources */ = {isa = PBXBuildFile; fileRef = D5DFCAFEFF7547768EB752EA /* UIImage+CropScaleOrientation.m */; };
		55DE416EE83F4726BCDFA2D1 /* AddressBook.framework in Frameworks */ = {isa = PBXBuildFile; fileRef = 826E80DADD9D4E90B456F0C5 /* AddressBook.framework */; settings = {ATTRIBUTES = (Weak, ); }; };
		5C99A40244534D58ABCBF2E5 /* ImageIO.framework in Frameworks */ = {isa = PBXBuildFile; fileRef = F56513A7D03A43628344BDCA /* ImageIO.framework */; settings = {ATTRIBUTES = (Weak, ); }; };
		5F3F80ECF8AD4C35963E8824 /* CDVGlobalization.m in Sources */ = {isa = PBXBuildFile; fileRef = 29CF8141BD154851BD44A530 /* CDVGlobalization.m */; };
		5F509B5904E148FA965ECC68 /* CDVViewController+SplashScreen.m in Sources */ = {isa = PBXBuildFile; fileRef = 0C2F02C11F844FA1A5A53C2D /* CDVViewController+SplashScreen.m */; };
		69554BEC97424906B5835C82 /* CoreLocation.framework in Frameworks */ = {isa = PBXBuildFile; fileRef = 63289D7E3D8D440B872A1FD7 /* CoreLocation.framework */; };
		6AABF8C7D4A0420ABA7F6F23 /* CDVContact.m in Sources */ = {isa = PBXBuildFile; fileRef = 523A313E659444A8A09CF9B1 /* CDVContact.m */; };
		7B4070BF0F644FEF93D3E0E0 /* CDVCapture.bundle in Resources */ = {isa = PBXBuildFile; fileRef = EF7333C2FAA549E78EB63DD2 /* CDVCapture.bundle */; };
		7F5FAC03F2714B82B8026C13 /* CDVBattery.m in Sources */ = {isa = PBXBuildFile; fileRef = 10A79821A76149BBB59BDB72 /* CDVBattery.m */; };
		82D8392E117F452CB3984E46 /* AddressBookUI.framework in Frameworks */ = {isa = PBXBuildFile; fileRef = 8F24F3A87302418CB697A6B1 /* AddressBookUI.framework */; settings = {ATTRIBUTES = (Weak, ); }; };
		8A6BD0CE4A1A42A7979DB379 /* CDVCamera.m in Sources */ = {isa = PBXBuildFile; fileRef = 59F74F27F70740BBB369A0F3 /* CDVCamera.m */; };
		925C860E87D7460BA2F2B23C /* CDVFile.m in Sources */ = {isa = PBXBuildFile; fileRef = 835FBEB7CDD7444597E05856 /* CDVFile.m */; };
		9A705ACAD85F498BB35C7ED1 /* CDVContacts.m in Sources */ = {isa = PBXBuildFile; fileRef = 469F1D20A20C42339D1FBBE1 /* CDVContacts.m */; };
		A1B711BFCE284EE99EC54159 /* CDVCompass.m in Sources */ = {isa = PBXBuildFile; fileRef = BFB55DC093A74C3592AE4DED /* CDVCompass.m */; };
		A46BE713650941529E4CCBB4 /* EventKitUI.framework in Frameworks */ = {isa = PBXBuildFile; fileRef = 3C993D77614445B898747B56 /* EventKitUI.framework */; };
		ACD72849BECE44B7BF702A85 /* CDVSound.m in Sources */ = {isa = PBXBuildFile; fileRef = ADDFF2F2B8F24106815A54C2 /* CDVSound.m */; };
		B061D0A5E3F44907A986F616 /* CDVCapture.m in Sources */ = {isa = PBXBuildFile; fileRef = 380124CE361E4A8A9599F900 /* CDVCapture.m */; };
		B2FE289B56324D71BE25104A /* SystemConfiguration.framework in Frameworks */ = {isa = PBXBuildFile; fileRef = A9BEC879D5D14A969F112C7B /* SystemConfiguration.framework */; settings = {ATTRIBUTES = (Weak, ); }; };
		BF74D3773DF94FDA83325C77 /* CDVConnection.m in Sources */ = {isa = PBXBuildFile; fileRef = 6B37996C5501406D893E22D2 /* CDVConnection.m */; };
		C64FD529F46942ACAA2FD52F /* CDVNotification.m in Sources */ = {isa = PBXBuildFile; fileRef = 199770FDEFFF405C99505DBE /* CDVNotification.m */; };
		C6F73B727EAA418C9C3D2C0B /* CDVInAppBrowser.m in Sources */ = {isa = PBXBuildFile; fileRef = E140432F541A4CD0B0CF8B28 /* CDVInAppBrowser.m */; };
		D3ACF1D681654F9EA2ED3BE1 /* CDVVibration.m in Sources */ = {isa = PBXBuildFile; fileRef = BF6813D0D9D64104B12A824C /* CDVVibration.m */; };
		D3F25CE8ECC8406F9F970DE5 /* LaunchFile.m in Sources */ = {isa = PBXBuildFile; fileRef = 1533339C7AF64E9DA878E32E /* LaunchFile.m */; };
		D90606BDF3274310B1837E8B /* Calendar.m in Sources */ = {isa = PBXBuildFile; fileRef = 6DD9F3BFACAF4D5EBD60821F /* Calendar.m */; };
		E0969E844A9D4A3B8F27094C /* AudioToolbox.framework in Frameworks */ = {isa = PBXBuildFile; fileRef = 4444E89962D346E986173CEF /* AudioToolbox.framework */; settings = {ATTRIBUTES = (Weak, ); }; };
		F8E2EFD8E1054982AE443885 /* AVFoundation.framework in Frameworks */ = {isa = PBXBuildFile; fileRef = F7B343C492914EAF9B644380 /* AVFoundation.framework */; };
/* End PBXBuildFile section */

/* Begin PBXContainerItemProxy section */
		301BF534109A57CC0062928A /* PBXContainerItemProxy */ = {
			isa = PBXContainerItemProxy;
			containerPortal = 301BF52D109A57CC0062928A /* CordovaLib.xcodeproj */;
			proxyType = 2;
			remoteGlobalIDString = D2AAC07E0554694100DB518D;
			remoteInfo = CordovaLib;
		};
		301BF550109A68C00062928A /* PBXContainerItemProxy */ = {
			isa = PBXContainerItemProxy;
			containerPortal = 301BF52D109A57CC0062928A /* CordovaLib.xcodeproj */;
			proxyType = 1;
			remoteGlobalIDString = D2AAC07D0554694100DB518D;
			remoteInfo = CordovaLib;
		};
/* End PBXContainerItemProxy section */

/* Begin PBXFileReference section */
		0207DA571B56EA530066E2B4 /* Images.xcassets */ = {isa = PBXFileReference; lastKnownFileType = folder.assetcatalog; name = Images.xcassets; path = AtlasCopcoKIO/Images.xcassets; sourceTree = SOURCE_ROOT; };
		0C2F02C11F844FA1A5A53C2D /* CDVViewController+SplashScreen.m */ = {isa = PBXFileReference; explicitFileType = undefined; fileEncoding = 4; includeInIndex = 0; lastKnownFileType = sourcecode.c.objc; name = "CDVViewController+SplashScreen.m"; path = "cordova-plugin-splashscreen/CDVViewController+SplashScreen.m"; sourceTree = "<group>"; };
		0DD6A5DB39CF44E9A1E2DB5C /* CDVStatusBar.m */ = {isa = PBXFileReference; explicitFileType = undefined; fileEncoding = 4; includeInIndex = 0; lastKnownFileType = sourcecode.c.objc; name = CDVStatusBar.m; path = "cordova-plugin-statusbar/CDVStatusBar.m"; sourceTree = "<group>"; };
		10A79821A76149BBB59BDB72 /* CDVBattery.m */ = {isa = PBXFileReference; explicitFileType = undefined; fileEncoding = 4; includeInIndex = 0; lastKnownFileType = sourcecode.c.objc; name = CDVBattery.m; path = "cordova-plugin-battery-status/CDVBattery.m"; sourceTree = "<group>"; };
		11979934B99D4BA7A801CB92 /* CDVBattery.h */ = {isa = PBXFileReference; explicitFileType = undefined; fileEncoding = 4; includeInIndex = 0; lastKnownFileType = sourcecode.c.h; name = CDVBattery.h; path = "cordova-plugin-battery-status/CDVBattery.h"; sourceTree = "<group>"; };
		129D4D82841F45EDBEB731D1 /* CDVContact.h */ = {isa = PBXFileReference; explicitFileType = undefined; fileEncoding = 4; includeInIndex = 0; lastKnownFileType = sourcecode.c.h; name = CDVContact.h; path = "cordova-plugin-contacts/CDVContact.h"; sourceTree = "<group>"; };
		1351CC6D6E5B434FA1A3346A /* CDVLocalFilesystem.h */ = {isa = PBXFileReference; explicitFileType = undefined; fileEncoding = 4; includeInIndex = 0; lastKnownFileType = sourcecode.c.h; name = CDVLocalFilesystem.h; path = "cordova-plugin-file/CDVLocalFilesystem.h"; sourceTree = "<group>"; };
		1533339C7AF64E9DA878E32E /* LaunchFile.m */ = {isa = PBXFileReference; explicitFileType = undefined; fileEncoding = 4; includeInIndex = 0; lastKnownFileType = sourcecode.c.objc; name = LaunchFile.m; path = com.contraterrene.LaunchFile/LaunchFile.m; sourceTree = "<group>"; };
		199770FDEFFF405C99505DBE /* CDVNotification.m */ = {isa = PBXFileReference; explicitFileType = undefined; fileEncoding = 4; includeInIndex = 0; lastKnownFileType = sourcecode.c.objc; name = CDVNotification.m; path = "cordova-plugin-dialogs/CDVNotification.m"; sourceTree = "<group>"; };
		1BA87BA48EE8415A87EA10FA /* CDVLocation.h */ = {isa = PBXFileReference; explicitFileType = undefined; fileEncoding = 4; includeInIndex = 0; lastKnownFileType = sourcecode.c.h; name = CDVLocation.h; path = "cordova-plugin-geolocation/CDVLocation.h"; sourceTree = "<group>"; };
		1D3623240D0F684500981E51 /* AppDelegate.h */ = {isa = PBXFileReference; fileEncoding = 4; lastKnownFileType = sourcecode.c.h; path = AppDelegate.h; sourceTree = "<group>"; };
		1D3623250D0F684500981E51 /* AppDelegate.m */ = {isa = PBXFileReference; fileEncoding = 4; lastKnownFileType = sourcecode.c.objc; path = AppDelegate.m; sourceTree = "<group>"; };
		1D6058910D05DD3D006BFB54 /* AtlasCopcoKIO.app */ = {isa = PBXFileReference; explicitFileType = wrapper.application; includeInIndex = 0; path = AtlasCopcoKIO.app; sourceTree = BUILT_PRODUCTS_DIR; };
		27A26619AF374DC2A6849048 /* CDVGlobalization.h */ = {isa = PBXFileReference; explicitFileType = undefined; fileEncoding = 4; includeInIndex = 0; lastKnownFileType = sourcecode.c.h; name = CDVGlobalization.h; path = "cordova-plugin-globalization/CDVGlobalization.h"; sourceTree = "<group>"; };
		29B97316FDCFA39411CA2CEA /* main.m */ = {isa = PBXFileReference; fileEncoding = 4; lastKnownFileType = sourcecode.c.objc; path = main.m; sourceTree = "<group>"; };
		29CF8141BD154851BD44A530 /* CDVGlobalization.m */ = {isa = PBXFileReference; explicitFileType = undefined; fileEncoding = 4; includeInIndex = 0; lastKnownFileType = sourcecode.c.objc; name = CDVGlobalization.m; path = "cordova-plugin-globalization/CDVGlobalization.m"; sourceTree = "<group>"; };
		2B5913DF347C4C9281DA01E1 /* CoreMotion.framework */ = {isa = PBXFileReference; explicitFileType = undefined; fileEncoding = 9; includeInIndex = 0; lastKnownFileType = wrapper.framework; name = CoreMotion.framework; path = System/Library/Frameworks/CoreMotion.framework; sourceTree = SDKROOT; };
		2E775587198545BA95572D19 /* CDVAssetLibraryFilesystem.m */ = {isa = PBXFileReference; explicitFileType = undefined; fileEncoding = 4; includeInIndex = 0; lastKnownFileType = sourcecode.c.objc; name = CDVAssetLibraryFilesystem.m; path = "cordova-plugin-file/CDVAssetLibraryFilesystem.m"; sourceTree = "<group>"; };
		2EF116A8D1C74D5A817FCB59 /* CDVLocalFilesystem.m */ = {isa = PBXFileReference; explicitFileType = undefined; fileEncoding = 4; includeInIndex = 0; lastKnownFileType = sourcecode.c.objc; name = CDVLocalFilesystem.m; path = "cordova-plugin-file/CDVLocalFilesystem.m"; sourceTree = "<group>"; };
		301BF52D109A57CC0062928A /* CordovaLib.xcodeproj */ = {isa = PBXFileReference; lastKnownFileType = "wrapper.pb-project"; name = CordovaLib.xcodeproj; path = CordovaLib/CordovaLib.xcodeproj; sourceTree = "<group>"; };
		301BF56E109A69640062928A /* www */ = {isa = PBXFileReference; lastKnownFileType = folder; path = www; sourceTree = SOURCE_ROOT; };
		302D95EE14D2391D003F00A1 /* MainViewController.h */ = {isa = PBXFileReference; fileEncoding = 4; lastKnownFileType = sourcecode.c.h; path = MainViewController.h; sourceTree = "<group>"; };
		302D95EF14D2391D003F00A1 /* MainViewController.m */ = {isa = PBXFileReference; fileEncoding = 4; lastKnownFileType = sourcecode.c.objc; path = MainViewController.m; sourceTree = "<group>"; };
		302D95F014D2391D003F00A1 /* MainViewController.xib */ = {isa = PBXFileReference; fileEncoding = 4; lastKnownFileType = file.xib; path = MainViewController.xib; sourceTree = "<group>"; };
		3047A50F1AB8059700498E2A /* build-debug.xcconfig */ = {isa = PBXFileReference; fileEncoding = 4; lastKnownFileType = text.xcconfig; name = "build-debug.xcconfig"; path = "cordova/build-debug.xcconfig"; sourceTree = SOURCE_ROOT; };
		3047A5101AB8059700498E2A /* build-release.xcconfig */ = {isa = PBXFileReference; fileEncoding = 4; lastKnownFileType = text.xcconfig; name = "build-release.xcconfig"; path = "cordova/build-release.xcconfig"; sourceTree = SOURCE_ROOT; };
		3047A5111AB8059700498E2A /* build.xcconfig */ = {isa = PBXFileReference; fileEncoding = 4; lastKnownFileType = text.xcconfig; name = build.xcconfig; path = cordova/build.xcconfig; sourceTree = SOURCE_ROOT; };
		32CA4F630368D1EE00C91783 /* AtlasCopcoKIO-Prefix.pch */ = {isa = PBXFileReference; fileEncoding = 4; lastKnownFileType = sourcecode.c.h; path = "AtlasCopcoKIO-Prefix.pch"; sourceTree = "<group>"; };
		36E55FFED0EE40ACBC4A8B31 /* CDVSplashScreen.h */ = {isa = PBXFileReference; explicitFileType = undefined; fileEncoding = 4; includeInIndex = 0; lastKnownFileType = sourcecode.c.h; name = CDVSplashScreen.h; path = "cordova-plugin-splashscreen/CDVSplashScreen.h"; sourceTree = "<group>"; };
		380124CE361E4A8A9599F900 /* CDVCapture.m */ = {isa = PBXFileReference; explicitFileType = undefined; fileEncoding = 4; includeInIndex = 0; lastKnownFileType = sourcecode.c.objc; name = CDVCapture.m; path = "cordova-plugin-media-capture/CDVCapture.m"; sourceTree = "<group>"; };
		3A160C893B98437E9FB3158A /* CDVDevice.h */ = {isa = PBXFileReference; explicitFileType = undefined; fileEncoding = 4; includeInIndex = 0; lastKnownFileType = sourcecode.c.h; name = CDVDevice.h; path = "cordova-plugin-device/CDVDevice.h"; sourceTree = "<group>"; };
		3C993D77614445B898747B56 /* EventKitUI.framework */ = {isa = PBXFileReference; explicitFileType = undefined; fileEncoding = 9; includeInIndex = 0; lastKnownFileType = wrapper.framework; name = EventKitUI.framework; path = System/Library/Frameworks/EventKitUI.framework; sourceTree = SDKROOT; };
		4444E89962D346E986173CEF /* AudioToolbox.framework */ = {isa = PBXFileReference; explicitFileType = undefined; fileEncoding = 9; includeInIndex = 0; lastKnownFileType = wrapper.framework; name = AudioToolbox.framework; path = System/Library/Frameworks/AudioToolbox.framework; sourceTree = SDKROOT; };
		469F1D20A20C42339D1FBBE1 /* CDVContacts.m */ = {isa = PBXFileReference; explicitFileType = undefined; fileEncoding = 4; includeInIndex = 0; lastKnownFileType = sourcecode.c.objc; name = CDVContacts.m; path = "cordova-plugin-contacts/CDVContacts.m"; sourceTree = "<group>"; };
		47EA85C54F2248BFB97D4E01 /* CDVStatusBar.h */ = {isa = PBXFileReference; explicitFileType = undefined; fileEncoding = 4; includeInIndex = 0; lastKnownFileType = sourcecode.c.h; name = CDVStatusBar.h; path = "cordova-plugin-statusbar/CDVStatusBar.h"; sourceTree = "<group>"; };
		523A313E659444A8A09CF9B1 /* CDVContact.m */ = {isa = PBXFileReference; explicitFileType = undefined; fileEncoding = 4; includeInIndex = 0; lastKnownFileType = sourcecode.c.objc; name = CDVContact.m; path = "cordova-plugin-contacts/CDVContact.m"; sourceTree = "<group>"; };
		54DAB5CDDF094418B87929DA /* CDVLogger.h */ = {isa = PBXFileReference; explicitFileType = undefined; fileEncoding = 4; includeInIndex = 0; lastKnownFileType = sourcecode.c.h; name = CDVLogger.h; path = "cordova-plugin-console/CDVLogger.h"; sourceTree = "<group>"; };
		59F74F27F70740BBB369A0F3 /* CDVCamera.m */ = {isa = PBXFileReference; explicitFileType = undefined; fileEncoding = 4; includeInIndex = 0; lastKnownFileType = sourcecode.c.objc; name = CDVCamera.m; path = "cordova-plugin-camera/CDVCamera.m"; sourceTree = "<group>"; };
		5EE091F5EF1040D3A50BA040 /* CDVAccelerometer.m */ = {isa = PBXFileReference; explicitFileType = undefined; fileEncoding = 4; includeInIndex = 0; lastKnownFileType = sourcecode.c.objc; name = CDVAccelerometer.m; path = "cordova-plugin-device-motion/CDVAccelerometer.m"; sourceTree = "<group>"; };
		63289D7E3D8D440B872A1FD7 /* CoreLocation.framework */ = {isa = PBXFileReference; explicitFileType = undefined; fileEncoding = 9; includeInIndex = 0; lastKnownFileType = wrapper.framework; name = CoreLocation.framework; path = System/Library/Frameworks/CoreLocation.framework; sourceTree = SDKROOT; };
		6B37996C5501406D893E22D2 /* CDVConnection.m */ = {isa = PBXFileReference; explicitFileType = undefined; fileEncoding = 4; includeInIndex = 0; lastKnownFileType = sourcecode.c.objc; name = CDVConnection.m; path = "cordova-plugin-network-information/CDVConnection.m"; sourceTree = "<group>"; };
		6DD9F3BFACAF4D5EBD60821F /* Calendar.m */ = {isa = PBXFileReference; explicitFileType = undefined; fileEncoding = 4; includeInIndex = 0; lastKnownFileType = sourcecode.c.objc; name = Calendar.m; path = "cordova-plugin-calendar/Calendar.m"; sourceTree = "<group>"; };
		6F2FADBA4F8D4F73951F3C4E /* CDVFileTransfer.m */ = {isa = PBXFileReference; explicitFileType = undefined; fileEncoding = 4; includeInIndex = 0; lastKnownFileType = sourcecode.c.objc; name = CDVFileTransfer.m; path = "cordova-plugin-file-transfer/CDVFileTransfer.m"; sourceTree = "<group>"; };
		7989DE68723D4693A82B7A09 /* LaunchFile.h */ = {isa = PBXFileReference; explicitFileType = undefined; fileEncoding = 4; includeInIndex = 0; lastKnownFileType = sourcecode.c.h; name = LaunchFile.h; path = com.contraterrene.LaunchFile/LaunchFile.h; sourceTree = "<group>"; };
		7B8B42EA1BD14300B7AA1679 /* UIImage+CropScaleOrientation.h */ = {isa = PBXFileReference; explicitFileType = undefined; fileEncoding = 4; includeInIndex = 0; lastKnownFileType = sourcecode.c.h; name = "UIImage+CropScaleOrientation.h"; path = "cordova-plugin-camera/UIImage+CropScaleOrientation.h"; sourceTree = "<group>"; };
		826E80DADD9D4E90B456F0C5 /* AddressBook.framework */ = {isa = PBXFileReference; explicitFileType = undefined; fileEncoding = 9; includeInIndex = 0; lastKnownFileType = wrapper.framework; name = AddressBook.framework; path = System/Library/Frameworks/AddressBook.framework; sourceTree = SDKROOT; };
		835FBEB7CDD7444597E05856 /* CDVFile.m */ = {isa = PBXFileReference; explicitFileType = undefined; fileEncoding = 4; includeInIndex = 0; lastKnownFileType = sourcecode.c.objc; name = CDVFile.m; path = "cordova-plugin-file/CDVFile.m"; sourceTree = "<group>"; };
		875F07D65E1F4E1E93C75F5D /* CDVCamera.h */ = {isa = PBXFileReference; explicitFileType = undefined; fileEncoding = 4; includeInIndex = 0; lastKnownFileType = sourcecode.c.h; name = CDVCamera.h; path = "cordova-plugin-camera/CDVCamera.h"; sourceTree = "<group>"; };
		88B2B419B71D43B2BC6F7C7C /* EventKit.framework */ = {isa = PBXFileReference; explicitFileType = undefined; fileEncoding = 9; includeInIndex = 0; lastKnownFileType = wrapper.framework; name = EventKit.framework; path = System/Library/Frameworks/EventKit.framework; sourceTree = SDKROOT; };
		89D8937CDE234D51830C2FDB /* CDVReachability.m */ = {isa = PBXFileReference; explicitFileType = undefined; fileEncoding = 4; includeInIndex = 0; lastKnownFileType = sourcecode.c.objc; name = CDVReachability.m; path = "cordova-plugin-network-information/CDVReachability.m"; sourceTree = "<group>"; };
		89F1BA936FE947BC8B624053 /* CDVCapture.h */ = {isa = PBXFileReference; explicitFileType = undefined; fileEncoding = 4; includeInIndex = 0; lastKnownFileType = sourcecode.c.h; name = CDVCapture.h; path = "cordova-plugin-media-capture/CDVCapture.h"; sourceTree = "<group>"; };
		8D1107310486CEB800E47090 /* AtlasCopcoKIO-Info.plist */ = {isa = PBXFileReference; fileEncoding = 4; lastKnownFileType = text.plist.xml; name = "AtlasCopcoKIO-Info.plist"; path = "AtlasCopcoKIO/AtlasCopcoKIO-Info.plist"; plistStructureDefinitionIdentifier = "com.apple.xcode.plist.structure-definition.iphone.info-plist"; sourceTree = SOURCE_ROOT; };
		8D3F62FDA6A34BE59F66C02E /* Calendar.h */ = {isa = PBXFileReference; explicitFileType = undefined; fileEncoding = 4; includeInIndex = 0; lastKnownFileType = sourcecode.c.h; name = Calendar.h; path = "cordova-plugin-calendar/Calendar.h"; sourceTree = "<group>"; };
		8EA3E949E3F044AD80B2C856 /* CDVAssetLibraryFilesystem.h */ = {isa = PBXFileReference; explicitFileType = undefined; fileEncoding = 4; includeInIndex = 0; lastKnownFileType = sourcecode.c.h; name = CDVAssetLibraryFilesystem.h; path = "cordova-plugin-file/CDVAssetLibraryFilesystem.h"; sourceTree = "<group>"; };
		8F24F3A87302418CB697A6B1 /* AddressBookUI.framework */ = {isa = PBXFileReference; explicitFileType = undefined; fileEncoding = 9; includeInIndex = 0; lastKnownFileType = wrapper.framework; name = AddressBookUI.framework; path = System/Library/Frameworks/AddressBookUI.framework; sourceTree = SDKROOT; };
		9474A8BF6963483E8084E7A4 /* CDVViewController+SplashScreen.h */ = {isa = PBXFileReference; explicitFileType = undefined; fileEncoding = 4; includeInIndex = 0; lastKnownFileType = sourcecode.c.h; name = "CDVViewController+SplashScreen.h"; path = "cordova-plugin-splashscreen/CDVViewController+SplashScreen.h"; sourceTree = "<group>"; };
		95A953F4F30F4D1FA7E6F97D /* CDVContacts.h */ = {isa = PBXFileReference; explicitFileType = undefined; fileEncoding = 4; includeInIndex = 0; lastKnownFileType = sourcecode.c.h; name = CDVContacts.h; path = "cordova-plugin-contacts/CDVContacts.h"; sourceTree = "<group>"; };
		9C2316202709497CA6660458 /* CDVSound.h */ = {isa = PBXFileReference; explicitFileType = undefined; fileEncoding = 4; includeInIndex = 0; lastKnownFileType = sourcecode.c.h; name = CDVSound.h; path = "cordova-plugin-media/CDVSound.h"; sourceTree = "<group>"; };
		9D591C18BF8B4D0A8E90A115 /* CDVLogger.m */ = {isa = PBXFileReference; explicitFileType = undefined; fileEncoding = 4; includeInIndex = 0; lastKnownFileType = sourcecode.c.objc; name = CDVLogger.m; path = "cordova-plugin-console/CDVLogger.m"; sourceTree = "<group>"; };
		9D6513345A404D83874CCF22 /* CDVVibration.h */ = {isa = PBXFileReference; explicitFileType = undefined; fileEncoding = 4; includeInIndex = 0; lastKnownFileType = sourcecode.c.h; name = CDVVibration.h; path = "cordova-plugin-vibration/CDVVibration.h"; sourceTree = "<group>"; };
		9DB2CA56AF954C9682B8945C /* CDVInAppBrowser.h */ = {isa = PBXFileReference; explicitFileType = undefined; fileEncoding = 4; includeInIndex = 0; lastKnownFileType = sourcecode.c.h; name = CDVInAppBrowser.h; path = "cordova-plugin-inappbrowser/CDVInAppBrowser.h"; sourceTree = "<group>"; };
		9F2CB71152B24E558AB83523 /* CDVExif.h */ = {isa = PBXFileReference; explicitFileType = undefined; fileEncoding = 4; includeInIndex = 0; lastKnownFileType = sourcecode.c.h; name = CDVExif.h; path = "cordova-plugin-camera/CDVExif.h"; sourceTree = "<group>"; };
		A9BEC879D5D14A969F112C7B /* SystemConfiguration.framework */ = {isa = PBXFileReference; explicitFileType = undefined; fileEncoding = 9; includeInIndex = 0; lastKnownFileType = wrapper.framework; name = SystemConfiguration.framework; path = System/Library/Frameworks/SystemConfiguration.framework; sourceTree = SDKROOT; };
		ADDFF2F2B8F24106815A54C2 /* CDVSound.m */ = {isa = PBXFileReference; explicitFileType = undefined; fileEncoding = 4; includeInIndex = 0; lastKnownFileType = sourcecode.c.objc; name = CDVSound.m; path = "cordova-plugin-media/CDVSound.m"; sourceTree = "<group>"; };
		B0320AB91518479ABDBF8323 /* CDVFileTransfer.h */ = {isa = PBXFileReference; explicitFileType = undefined; fileEncoding = 4; includeInIndex = 0; lastKnownFileType = sourcecode.c.h; name = CDVFileTransfer.h; path = "cordova-plugin-file-transfer/CDVFileTransfer.h"; sourceTree = "<group>"; };
		B1404B7DB0704A9C8333D4BA /* CDVNotification.h */ = {isa = PBXFileReference; explicitFileType = undefined; fileEncoding = 4; includeInIndex = 0; lastKnownFileType = sourcecode.c.h; name = CDVNotification.h; path = "cordova-plugin-dialogs/CDVNotification.h"; sourceTree = "<group>"; };
		B1A1D01DE1C345ECBCCAB379 /* CDVDevice.m */ = {isa = PBXFileReference; explicitFileType = undefined; fileEncoding = 4; includeInIndex = 0; lastKnownFileType = sourcecode.c.objc; name = CDVDevice.m; path = "cordova-plugin-device/CDVDevice.m"; sourceTree = "<group>"; };
		BC66E8DB99BC4F8CABF76386 /* CDVAccelerometer.h */ = {isa = PBXFileReference; explicitFileType = undefined; fileEncoding = 4; includeInIndex = 0; lastKnownFileType = sourcecode.c.h; name = CDVAccelerometer.h; path = "cordova-plugin-device-motion/CDVAccelerometer.h"; sourceTree = "<group>"; };
		BD75FB08539C4AB883722BFC /* CDVJpegHeaderWriter.h */ = {isa = PBXFileReference; explicitFileType = undefined; fileEncoding = 4; includeInIndex = 0; lastKnownFileType = sourcecode.c.h; name = CDVJpegHeaderWriter.h; path = "cordova-plugin-camera/CDVJpegHeaderWriter.h"; sourceTree = "<group>"; };
		BF6813D0D9D64104B12A824C /* CDVVibration.m */ = {isa = PBXFileReference; explicitFileType = undefined; fileEncoding = 4; includeInIndex = 0; lastKnownFileType = sourcecode.c.objc; name = CDVVibration.m; path = "cordova-plugin-vibration/CDVVibration.m"; sourceTree = "<group>"; };
		BF71A278A9734A208D276858 /* CDVSplashScreen.m */ = {isa = PBXFileReference; explicitFileType = undefined; fileEncoding = 4; includeInIndex = 0; lastKnownFileType = sourcecode.c.objc; name = CDVSplashScreen.m; path = "cordova-plugin-splashscreen/CDVSplashScreen.m"; sourceTree = "<group>"; };
		BFB55DC093A74C3592AE4DED /* CDVCompass.m */ = {isa = PBXFileReference; explicitFileType = undefined; fileEncoding = 4; includeInIndex = 0; lastKnownFileType = sourcecode.c.objc; name = CDVCompass.m; path = "cordova-plugin-device-orientation/CDVCompass.m"; sourceTree = "<group>"; };
		C26E685821BE437BAC3DBB91 /* CDVFile.h */ = {isa = PBXFileReference; explicitFileType = undefined; fileEncoding = 4; includeInIndex = 0; lastKnownFileType = sourcecode.c.h; name = CDVFile.h; path = "cordova-plugin-file/CDVFile.h"; sourceTree = "<group>"; };
		C7D56D20AE4D404EB8E20935 /* CDVConnection.h */ = {isa = PBXFileReference; explicitFileType = undefined; fileEncoding = 4; includeInIndex = 0; lastKnownFileType = sourcecode.c.h; name = CDVConnection.h; path = "cordova-plugin-network-information/CDVConnection.h"; sourceTree = "<group>"; };
		D37CAF96C72A4995B0A5CA1F /* CDVCompass.h */ = {isa = PBXFileReference; explicitFileType = undefined; fileEncoding = 4; includeInIndex = 0; lastKnownFileType = sourcecode.c.h; name = CDVCompass.h; path = "cordova-plugin-device-orientation/CDVCompass.h"; sourceTree = "<group>"; };
		D5DFCAFEFF7547768EB752EA /* UIImage+CropScaleOrientation.m */ = {isa = PBXFileReference; explicitFileType = undefined; fileEncoding = 4; includeInIndex = 0; lastKnownFileType = sourcecode.c.objc; name = "UIImage+CropScaleOrientation.m"; path = "cordova-plugin-camera/UIImage+CropScaleOrientation.m"; sourceTree = "<group>"; };
		D8062377E1F04A0BBDF622AC /* CDVReachability.h */ = {isa = PBXFileReference; explicitFileType = undefined; fileEncoding = 4; includeInIndex = 0; lastKnownFileType = sourcecode.c.h; name = CDVReachability.h; path = "cordova-plugin-network-information/CDVReachability.h"; sourceTree = "<group>"; };
		D9DDECBD6F804105A34F6393 /* CoreTelephony.framework */ = {isa = PBXFileReference; explicitFileType = undefined; fileEncoding = 9; includeInIndex = 0; lastKnownFileType = wrapper.framework; name = CoreTelephony.framework; path = System/Library/Frameworks/CoreTelephony.framework; sourceTree = SDKROOT; };
		DB679D8BCCB5492884588D63 /* CDVNotification.bundle */ = {isa = PBXFileReference; explicitFileType = undefined; fileEncoding = 9; includeInIndex = 0; lastKnownFileType = "wrapper.plug-in"; path = CDVNotification.bundle; sourceTree = "<group>"; };
		E140432F541A4CD0B0CF8B28 /* CDVInAppBrowser.m */ = {isa = PBXFileReference; explicitFileType = undefined; fileEncoding = 4; includeInIndex = 0; lastKnownFileType = sourcecode.c.objc; name = CDVInAppBrowser.m; path = "cordova-plugin-inappbrowser/CDVInAppBrowser.m"; sourceTree = "<group>"; };
		E6EF9B1D1A0E406B91C8176A /* CDVLocation.m */ = {isa = PBXFileReference; explicitFileType = undefined; fileEncoding = 4; includeInIndex = 0; lastKnownFileType = sourcecode.c.objc; name = CDVLocation.m; path = "cordova-plugin-geolocation/CDVLocation.m"; sourceTree = "<group>"; };
		E9E183DDB60F42CB9DDD91E0 /* CDVJpegHeaderWriter.m */ = {isa = PBXFileReference; explicitFileType = undefined; fileEncoding = 4; includeInIndex = 0; lastKnownFileType = sourcecode.c.objc; name = CDVJpegHeaderWriter.m; path = "cordova-plugin-camera/CDVJpegHeaderWriter.m"; sourceTree = "<group>"; };
		EB87FDF31871DA8E0020F90C /* www */ = {isa = PBXFileReference; lastKnownFileType = folder; name = www; path = ../../www; sourceTree = "<group>"; };
		EB87FDF41871DAF40020F90C /* config.xml */ = {isa = PBXFileReference; lastKnownFileType = text.xml; name = config.xml; path = ../../config.xml; sourceTree = "<group>"; };
		ED33DF2A687741AEAF9F8254 /* Bridging-Header.h */ = {isa = PBXFileReference; fileEncoding = 4; lastKnownFileType = sourcecode.c.h; path = "Bridging-Header.h"; sourceTree = "<group>"; };
		EF7333C2FAA549E78EB63DD2 /* CDVCapture.bundle */ = {isa = PBXFileReference; explicitFileType = undefined; fileEncoding = 9; includeInIndex = 0; lastKnownFileType = "wrapper.plug-in"; path = CDVCapture.bundle; sourceTree = "<group>"; };
		F56513A7D03A43628344BDCA /* ImageIO.framework */ = {isa = PBXFileReference; explicitFileType = undefined; fileEncoding = 9; includeInIndex = 0; lastKnownFileType = wrapper.framework; name = ImageIO.framework; path = System/Library/Frameworks/ImageIO.framework; sourceTree = SDKROOT; };
		F7B343C492914EAF9B644380 /* AVFoundation.framework */ = {isa = PBXFileReference; explicitFileType = undefined; fileEncoding = 9; includeInIndex = 0; lastKnownFileType = wrapper.framework; name = AVFoundation.framework; path = System/Library/Frameworks/AVFoundation.framework; sourceTree = SDKROOT; };
		F840E1F0165FE0F500CFE078 /* config.xml */ = {isa = PBXFileReference; lastKnownFileType = text.xml; name = config.xml; path = AtlasCopcoKIO/config.xml; sourceTree = "<group>"; };
/* End PBXFileReference section */

/* Begin PBXFrameworksBuildPhase section */
		1D60588F0D05DD3D006BFB54 /* Frameworks */ = {
			isa = PBXFrameworksBuildPhase;
			buildActionMask = 2147483647;
			files = (
				301BF552109A68D80062928A /* libCordova.a in Frameworks */,
				5C99A40244534D58ABCBF2E5 /* ImageIO.framework in Frameworks */,
				69554BEC97424906B5835C82 /* CoreLocation.framework in Frameworks */,
				F8E2EFD8E1054982AE443885 /* AVFoundation.framework in Frameworks */,
				21ED322DA9954221BE972491 /* EventKit.framework in Frameworks */,
				A46BE713650941529E4CCBB4 /* EventKitUI.framework in Frameworks */,
				55DE416EE83F4726BCDFA2D1 /* AddressBook.framework in Frameworks */,
				82D8392E117F452CB3984E46 /* AddressBookUI.framework in Frameworks */,
				2F6A3C8CD05746F490B9058E /* CoreMotion.framework in Frameworks */,
				E0969E844A9D4A3B8F27094C /* AudioToolbox.framework in Frameworks */,
				B2FE289B56324D71BE25104A /* SystemConfiguration.framework in Frameworks */,
				0D5C8C8086D1487EAA086774 /* CoreTelephony.framework in Frameworks */,
			);
			runOnlyForDeploymentPostprocessing = 0;
		};
/* End PBXFrameworksBuildPhase section */

/* Begin PBXGroup section */
		080E96DDFE201D6D7F000001 /* Classes */ = {
			isa = PBXGroup;
			children = (
				302D95EE14D2391D003F00A1 /* MainViewController.h */,
				302D95EF14D2391D003F00A1 /* MainViewController.m */,
				302D95F014D2391D003F00A1 /* MainViewController.xib */,
				1D3623240D0F684500981E51 /* AppDelegate.h */,
				1D3623250D0F684500981E51 /* AppDelegate.m */,
			);
			name = Classes;
			path = AtlasCopcoKIO/Classes;
			sourceTree = SOURCE_ROOT;
		};
		19C28FACFE9D520D11CA2CBB /* Products */ = {
			isa = PBXGroup;
			children = (
				1D6058910D05DD3D006BFB54 /* AtlasCopcoKIO.app */,
			);
			name = Products;
			sourceTree = "<group>";
		};
		29B97314FDCFA39411CA2CEA /* CustomTemplate */ = {
			isa = PBXGroup;
			children = (
				EB87FDF41871DAF40020F90C /* config.xml */,
				EB87FDF31871DA8E0020F90C /* www */,
				EB87FDF11871DA420020F90C /* Staging */,
				301BF52D109A57CC0062928A /* CordovaLib.xcodeproj */,
				080E96DDFE201D6D7F000001 /* Classes */,
				307C750510C5A3420062BCA9 /* Plugins */,
				29B97315FDCFA39411CA2CEA /* Other Sources */,
				29B97317FDCFA39411CA2CEA /* Resources */,
				29B97323FDCFA39411CA2CEA /* Frameworks */,
				19C28FACFE9D520D11CA2CBB /* Products */,
			);
			name = CustomTemplate;
			sourceTree = "<group>";
		};
		29B97315FDCFA39411CA2CEA /* Other Sources */ = {
			isa = PBXGroup;
			children = (
				32CA4F630368D1EE00C91783 /* AtlasCopcoKIO-Prefix.pch */,
				29B97316FDCFA39411CA2CEA /* main.m */,
				ED33DF2A687741AEAF9F8254 /* Bridging-Header.h */,
			);
			name = "Other Sources";
			path = AtlasCopcoKIO;
			sourceTree = "<group>";
		};
		29B97317FDCFA39411CA2CEA /* Resources */ = {
			isa = PBXGroup;
			children = (
				0207DA571B56EA530066E2B4 /* Images.xcassets */,
				3047A50E1AB8057F00498E2A /* config */,
				8D1107310486CEB800E47090 /* AtlasCopcoKIO-Info.plist */,
				EF7333C2FAA549E78EB63DD2 /* CDVCapture.bundle */,
				DB679D8BCCB5492884588D63 /* CDVNotification.bundle */,
			);
			name = Resources;
			path = AtlasCopcoKIO/Resources;
			sourceTree = "<group>";
		};
		29B97323FDCFA39411CA2CEA /* Frameworks */ = {
			isa = PBXGroup;
			children = (
				F56513A7D03A43628344BDCA /* ImageIO.framework */,
				63289D7E3D8D440B872A1FD7 /* CoreLocation.framework */,
				F7B343C492914EAF9B644380 /* AVFoundation.framework */,
				88B2B419B71D43B2BC6F7C7C /* EventKit.framework */,
				3C993D77614445B898747B56 /* EventKitUI.framework */,
				826E80DADD9D4E90B456F0C5 /* AddressBook.framework */,
				8F24F3A87302418CB697A6B1 /* AddressBookUI.framework */,
				2B5913DF347C4C9281DA01E1 /* CoreMotion.framework */,
				4444E89962D346E986173CEF /* AudioToolbox.framework */,
				A9BEC879D5D14A969F112C7B /* SystemConfiguration.framework */,
				D9DDECBD6F804105A34F6393 /* CoreTelephony.framework */,
			);
			name = Frameworks;
			sourceTree = "<group>";
		};
		301BF52E109A57CC0062928A /* Products */ = {
			isa = PBXGroup;
			children = (
				301BF535109A57CC0062928A /* libCordova.a */,
			);
			name = Products;
			sourceTree = "<group>";
		};
		3047A50E1AB8057F00498E2A /* config */ = {
			isa = PBXGroup;
			children = (
				3047A50F1AB8059700498E2A /* build-debug.xcconfig */,
				3047A5101AB8059700498E2A /* build-release.xcconfig */,
				3047A5111AB8059700498E2A /* build.xcconfig */,
			);
			name = config;
			sourceTree = "<group>";
		};
		307C750510C5A3420062BCA9 /* Plugins */ = {
			isa = PBXGroup;
			children = (
				10A79821A76149BBB59BDB72 /* CDVBattery.m */,
				11979934B99D4BA7A801CB92 /* CDVBattery.h */,
				D5DFCAFEFF7547768EB752EA /* UIImage+CropScaleOrientation.m */,
				59F74F27F70740BBB369A0F3 /* CDVCamera.m */,
				E9E183DDB60F42CB9DDD91E0 /* CDVJpegHeaderWriter.m */,
				7B8B42EA1BD14300B7AA1679 /* UIImage+CropScaleOrientation.h */,
				875F07D65E1F4E1E93C75F5D /* CDVCamera.h */,
				BD75FB08539C4AB883722BFC /* CDVJpegHeaderWriter.h */,
				9F2CB71152B24E558AB83523 /* CDVExif.h */,
				835FBEB7CDD7444597E05856 /* CDVFile.m */,
				2EF116A8D1C74D5A817FCB59 /* CDVLocalFilesystem.m */,
				2E775587198545BA95572D19 /* CDVAssetLibraryFilesystem.m */,
				C26E685821BE437BAC3DBB91 /* CDVFile.h */,
				1351CC6D6E5B434FA1A3346A /* CDVLocalFilesystem.h */,
				8EA3E949E3F044AD80B2C856 /* CDVAssetLibraryFilesystem.h */,
				380124CE361E4A8A9599F900 /* CDVCapture.m */,
				89F1BA936FE947BC8B624053 /* CDVCapture.h */,
				9D591C18BF8B4D0A8E90A115 /* CDVLogger.m */,
				54DAB5CDDF094418B87929DA /* CDVLogger.h */,
				6DD9F3BFACAF4D5EBD60821F /* Calendar.m */,
				8D3F62FDA6A34BE59F66C02E /* Calendar.h */,
				469F1D20A20C42339D1FBBE1 /* CDVContacts.m */,
				523A313E659444A8A09CF9B1 /* CDVContact.m */,
				95A953F4F30F4D1FA7E6F97D /* CDVContacts.h */,
				129D4D82841F45EDBEB731D1 /* CDVContact.h */,
				B1A1D01DE1C345ECBCCAB379 /* CDVDevice.m */,
				3A160C893B98437E9FB3158A /* CDVDevice.h */,
				5EE091F5EF1040D3A50BA040 /* CDVAccelerometer.m */,
				BC66E8DB99BC4F8CABF76386 /* CDVAccelerometer.h */,
				BFB55DC093A74C3592AE4DED /* CDVCompass.m */,
				D37CAF96C72A4995B0A5CA1F /* CDVCompass.h */,
				199770FDEFFF405C99505DBE /* CDVNotification.m */,
				B1404B7DB0704A9C8333D4BA /* CDVNotification.h */,
				6F2FADBA4F8D4F73951F3C4E /* CDVFileTransfer.m */,
				B0320AB91518479ABDBF8323 /* CDVFileTransfer.h */,
				E6EF9B1D1A0E406B91C8176A /* CDVLocation.m */,
				1BA87BA48EE8415A87EA10FA /* CDVLocation.h */,
				29CF8141BD154851BD44A530 /* CDVGlobalization.m */,
				27A26619AF374DC2A6849048 /* CDVGlobalization.h */,
				E140432F541A4CD0B0CF8B28 /* CDVInAppBrowser.m */,
				9DB2CA56AF954C9682B8945C /* CDVInAppBrowser.h */,
				ADDFF2F2B8F24106815A54C2 /* CDVSound.m */,
				9C2316202709497CA6660458 /* CDVSound.h */,
				6B37996C5501406D893E22D2 /* CDVConnection.m */,
				89D8937CDE234D51830C2FDB /* CDVReachability.m */,
				C7D56D20AE4D404EB8E20935 /* CDVConnection.h */,
				D8062377E1F04A0BBDF622AC /* CDVReachability.h */,
				BF71A278A9734A208D276858 /* CDVSplashScreen.m */,
				0C2F02C11F844FA1A5A53C2D /* CDVViewController+SplashScreen.m */,
				36E55FFED0EE40ACBC4A8B31 /* CDVSplashScreen.h */,
				9474A8BF6963483E8084E7A4 /* CDVViewController+SplashScreen.h */,
				0DD6A5DB39CF44E9A1E2DB5C /* CDVStatusBar.m */,
				47EA85C54F2248BFB97D4E01 /* CDVStatusBar.h */,
				BF6813D0D9D64104B12A824C /* CDVVibration.m */,
				9D6513345A404D83874CCF22 /* CDVVibration.h */,
				1533339C7AF64E9DA878E32E /* LaunchFile.m */,
				7989DE68723D4693A82B7A09 /* LaunchFile.h */,
			);
			name = Plugins;
			path = AtlasCopcoKIO/Plugins;
			sourceTree = SOURCE_ROOT;
		};
		EB87FDF11871DA420020F90C /* Staging */ = {
			isa = PBXGroup;
			children = (
				F840E1F0165FE0F500CFE078 /* config.xml */,
				301BF56E109A69640062928A /* www */,
			);
			name = Staging;
			sourceTree = "<group>";
		};
/* End PBXGroup section */

/* Begin PBXNativeTarget section */
		1D6058900D05DD3D006BFB54 /* AtlasCopcoKIO */ = {
			isa = PBXNativeTarget;
			buildConfigurationList = 1D6058960D05DD3E006BFB54 /* Build configuration list for PBXNativeTarget "AtlasCopcoKIO" */;
			buildPhases = (
				304B58A110DAC018002A0835 /* Copy www directory */,
				1D60588D0D05DD3D006BFB54 /* Resources */,
				1D60588E0D05DD3D006BFB54 /* Sources */,
				1D60588F0D05DD3D006BFB54 /* Frameworks */,
			);
			buildRules = (
			);
			dependencies = (
				301BF551109A68C00062928A /* PBXTargetDependency */,
			);
			name = AtlasCopcoKIO;
			productName = AtlasCopcoKIO;
			productReference = 1D6058910D05DD3D006BFB54 /* AtlasCopcoKIO.app */;
			productType = "com.apple.product-type.application";
		};
/* End PBXNativeTarget section */

/* Begin PBXProject section */
		29B97313FDCFA39411CA2CEA /* Project object */ = {
			isa = PBXProject;
			attributes = {
				LastUpgradeCheck = 0730;
				TargetAttributes = {
					1D6058900D05DD3D006BFB54 = {
						DevelopmentTeam = 9K658VBP6G;
					};
				};
			};
			buildConfigurationList = C01FCF4E08A954540054247B /* Build configuration list for PBXProject "AtlasCopcoKIO" */;
			compatibilityVersion = "Xcode 3.2";
			developmentRegion = English;
			hasScannedForEncodings = 1;
			knownRegions = (
				en,
			);
			mainGroup = 29B97314FDCFA39411CA2CEA /* CustomTemplate */;
			projectDirPath = "";
			projectReferences = (
				{
					ProductGroup = 301BF52E109A57CC0062928A /* Products */;
					ProjectRef = 301BF52D109A57CC0062928A /* CordovaLib.xcodeproj */;
				},
			);
			projectRoot = "";
			targets = (
				1D6058900D05DD3D006BFB54 /* AtlasCopcoKIO */,
			);
		};
/* End PBXProject section */

/* Begin PBXReferenceProxy section */
		301BF535109A57CC0062928A /* libCordova.a */ = {
			isa = PBXReferenceProxy;
			fileType = archive.ar;
			path = libCordova.a;
			remoteRef = 301BF534109A57CC0062928A /* PBXContainerItemProxy */;
			sourceTree = BUILT_PRODUCTS_DIR;
		};
/* End PBXReferenceProxy section */

/* Begin PBXResourcesBuildPhase section */
		1D60588D0D05DD3D006BFB54 /* Resources */ = {
			isa = PBXResourcesBuildPhase;
			buildActionMask = 2147483647;
			files = (
				302D95F214D2391D003F00A1 /* MainViewController.xib in Resources */,
				0207DA581B56EA530066E2B4 /* Images.xcassets in Resources */,
				7B4070BF0F644FEF93D3E0E0 /* CDVCapture.bundle in Resources */,
				45243251D712439AAED897A5 /* CDVNotification.bundle in Resources */,
			);
			runOnlyForDeploymentPostprocessing = 0;
		};
/* End PBXResourcesBuildPhase section */

/* Begin PBXShellScriptBuildPhase section */
		304B58A110DAC018002A0835 /* Copy www directory */ = {
			isa = PBXShellScriptBuildPhase;
			buildActionMask = 2147483647;
			files = (
			);
			inputPaths = (
			);
			name = "Copy www directory";
			outputPaths = (
			);
			runOnlyForDeploymentPostprocessing = 0;
			shellPath = /bin/sh;
			shellScript = "NODEJS_PATH=/usr/local/bin; NVM_NODE_PATH=~/.nvm/versions/node/`nvm version 2>/dev/null`/bin; N_NODE_PATH=`find /usr/local/n/versions/node/* -maxdepth 0 -type d 2>/dev/null | tail -1`/bin; XCODE_NODE_PATH=`xcode-select --print-path`/usr/share/xcs/Node/bin; PATH=$NODEJS_PATH:$NVM_NODE_PATH:$N_NODE_PATH:$XCODE_NODE_PATH:$PATH && node cordova/lib/copy-www-build-step.js";
			showEnvVarsInLog = 0;
		};
/* End PBXShellScriptBuildPhase section */

/* Begin PBXSourcesBuildPhase section */
		1D60588E0D05DD3D006BFB54 /* Sources */ = {
			isa = PBXSourcesBuildPhase;
			buildActionMask = 2147483647;
			files = (
				1D60589B0D05DD56006BFB54 /* main.m in Sources */,
				1D3623260D0F684500981E51 /* AppDelegate.m in Sources */,
				302D95F114D2391D003F00A1 /* MainViewController.m in Sources */,
				7F5FAC03F2714B82B8026C13 /* CDVBattery.m in Sources */,
				4D42A587EA8B436FBDCDC758 /* UIImage+CropScaleOrientation.m in Sources */,
				8A6BD0CE4A1A42A7979DB379 /* CDVCamera.m in Sources */,
				42ED59A2259549E68EB13181 /* CDVJpegHeaderWriter.m in Sources */,
				925C860E87D7460BA2F2B23C /* CDVFile.m in Sources */,
				3AF59120F63E43C79D256275 /* CDVLocalFilesystem.m in Sources */,
				2A4ED774C31B4C3DA0150B72 /* CDVAssetLibraryFilesystem.m in Sources */,
				B061D0A5E3F44907A986F616 /* CDVCapture.m in Sources */,
				05C4DC037E064DC2B7E4231F /* CDVLogger.m in Sources */,
				D90606BDF3274310B1837E8B /* Calendar.m in Sources */,
				9A705ACAD85F498BB35C7ED1 /* CDVContacts.m in Sources */,
				6AABF8C7D4A0420ABA7F6F23 /* CDVContact.m in Sources */,
				1515C2521BC54159A188397D /* CDVDevice.m in Sources */,
				1A4346CF0F4E41EC947849E8 /* CDVAccelerometer.m in Sources */,
				A1B711BFCE284EE99EC54159 /* CDVCompass.m in Sources */,
				C64FD529F46942ACAA2FD52F /* CDVNotification.m in Sources */,
				3717DCD543DA4CA3A86680B0 /* CDVFileTransfer.m in Sources */,
				003DB6CBCF08439C838F6872 /* CDVLocation.m in Sources */,
				5F3F80ECF8AD4C35963E8824 /* CDVGlobalization.m in Sources */,
				C6F73B727EAA418C9C3D2C0B /* CDVInAppBrowser.m in Sources */,
				ACD72849BECE44B7BF702A85 /* CDVSound.m in Sources */,
				BF74D3773DF94FDA83325C77 /* CDVConnection.m in Sources */,
				0D3A73BE60D44A9DA6F289A4 /* CDVReachability.m in Sources */,
				135716DFA6A54E268D26CEEC /* CDVSplashScreen.m in Sources */,
				5F509B5904E148FA965ECC68 /* CDVViewController+SplashScreen.m in Sources */,
				1D00ACBF954E41C3BB7E4CC5 /* CDVStatusBar.m in Sources */,
				D3ACF1D681654F9EA2ED3BE1 /* CDVVibration.m in Sources */,
				D3F25CE8ECC8406F9F970DE5 /* LaunchFile.m in Sources */,
			);
			runOnlyForDeploymentPostprocessing = 0;
		};
/* End PBXSourcesBuildPhase section */

/* Begin PBXTargetDependency section */
		301BF551109A68C00062928A /* PBXTargetDependency */ = {
			isa = PBXTargetDependency;
			name = CordovaLib;
			targetProxy = 301BF550109A68C00062928A /* PBXContainerItemProxy */;
		};
/* End PBXTargetDependency section */

/* Begin XCBuildConfiguration section */
		1D6058940D05DD3E006BFB54 /* Debug */ = {
			isa = XCBuildConfiguration;
			baseConfigurationReference = 3047A50F1AB8059700498E2A /* build-debug.xcconfig */;
			buildSettings = {
				ALWAYS_SEARCH_USER_PATHS = NO;
				ASSETCATALOG_COMPILER_APPICON_NAME = AppIcon;
				ASSETCATALOG_COMPILER_LAUNCHIMAGE_NAME = LaunchImage;
				CLANG_ENABLE_MODULES = YES;
				CLANG_ENABLE_OBJC_ARC = YES;
				CODE_SIGN_IDENTITY = "iPhone Developer";
				COPY_PHASE_STRIP = NO;
				GCC_DYNAMIC_NO_PIC = NO;
				GCC_OPTIMIZATION_LEVEL = 0;
				GCC_PRECOMPILE_PREFIX_HEADER = YES;
				GCC_PREFIX_HEADER = "AtlasCopcoKIO/AtlasCopcoKIO-Prefix.pch";
				GCC_THUMB_SUPPORT = NO;
				GCC_VERSION = "";
				INFOPLIST_FILE = "AtlasCopcoKIO/AtlasCopcoKIO-Info.plist";
				IPHONEOS_DEPLOYMENT_TARGET = 9.0;
				LD_RUNPATH_SEARCH_PATHS = "@executable_path/Frameworks";
				PRODUCT_BUNDLE_IDENTIFIER = net.bitwork.AtlasCopco.KIO;
				PRODUCT_NAME = AtlasCopcoKIO;
				TARGETED_DEVICE_FAMILY = 2;
			};
			name = Debug;
		};
		1D6058950D05DD3E006BFB54 /* Release */ = {
			isa = XCBuildConfiguration;
			baseConfigurationReference = 3047A5101AB8059700498E2A /* build-release.xcconfig */;
			buildSettings = {
				ALWAYS_SEARCH_USER_PATHS = NO;
				ASSETCATALOG_COMPILER_APPICON_NAME = AppIcon;
				ASSETCATALOG_COMPILER_LAUNCHIMAGE_NAME = LaunchImage;
				CLANG_ENABLE_MODULES = YES;
				CLANG_ENABLE_OBJC_ARC = YES;
				CODE_SIGN_IDENTITY = "iPhone Developer";
				COPY_PHASE_STRIP = YES;
				GCC_PRECOMPILE_PREFIX_HEADER = YES;
				GCC_PREFIX_HEADER = "AtlasCopcoKIO/AtlasCopcoKIO-Prefix.pch";
				GCC_THUMB_SUPPORT = NO;
				GCC_VERSION = "";
				INFOPLIST_FILE = "AtlasCopcoKIO/AtlasCopcoKIO-Info.plist";
				IPHONEOS_DEPLOYMENT_TARGET = 9.0;
				PRODUCT_BUNDLE_IDENTIFIER = net.bitwork.AtlasCopco.KIO;
				PRODUCT_NAME = AtlasCopcoKIO;
				TARGETED_DEVICE_FAMILY = 2;
			};
			name = Release;
		};
		C01FCF4F08A954540054247B /* Debug */ = {
			isa = XCBuildConfiguration;
			baseConfigurationReference = 3047A5111AB8059700498E2A /* build.xcconfig */;
			buildSettings = {
				CLANG_ENABLE_MODULES = YES;
				CLANG_ENABLE_OBJC_ARC = YES;
				CLANG_WARN_BOOL_CONVERSION = YES;
				CLANG_WARN_CONSTANT_CONVERSION = YES;
				CLANG_WARN_EMPTY_BODY = YES;
				CLANG_WARN_ENUM_CONVERSION = YES;
				CLANG_WARN_INT_CONVERSION = YES;
				CLANG_WARN__DUPLICATE_METHOD_MATCH = YES;
				ENABLE_TESTABILITY = YES;
				GCC_C_LANGUAGE_STANDARD = c99;
				GCC_THUMB_SUPPORT = NO;
				GCC_VERSION = "";
				GCC_WARN_ABOUT_RETURN_TYPE = YES;
				GCC_WARN_UNDECLARED_SELECTOR = YES;
				GCC_WARN_UNINITIALIZED_AUTOS = YES;
				GCC_WARN_UNUSED_FUNCTION = YES;
				GCC_WARN_UNUSED_VARIABLE = YES;
				ONLY_ACTIVE_ARCH = YES;
				PRODUCT_NAME = AtlasCopcoKIO;
				SDKROOT = iphoneos;
				SKIP_INSTALL = NO;
			};
			name = Debug;
		};
		C01FCF5008A954540054247B /* Release */ = {
			isa = XCBuildConfiguration;
			baseConfigurationReference = 3047A5111AB8059700498E2A /* build.xcconfig */;
			buildSettings = {
				CLANG_ENABLE_MODULES = YES;
				CLANG_ENABLE_OBJC_ARC = YES;
				CLANG_WARN_BOOL_CONVERSION = YES;
				CLANG_WARN_CONSTANT_CONVERSION = YES;
				CLANG_WARN_EMPTY_BODY = YES;
				CLANG_WARN_ENUM_CONVERSION = YES;
				CLANG_WARN_INT_CONVERSION = YES;
				CLANG_WARN__DUPLICATE_METHOD_MATCH = YES;
				GCC_C_LANGUAGE_STANDARD = c99;
				GCC_THUMB_SUPPORT = NO;
				GCC_VERSION = "";
				GCC_WARN_ABOUT_RETURN_TYPE = YES;
				GCC_WARN_UNDECLARED_SELECTOR = YES;
				GCC_WARN_UNINITIALIZED_AUTOS = YES;
				GCC_WARN_UNUSED_FUNCTION = YES;
				GCC_WARN_UNUSED_VARIABLE = YES;
				PRODUCT_NAME = AtlasCopcoKIO;
				SDKROOT = iphoneos;
				SKIP_INSTALL = NO;
			};
			name = Release;
		};
/* End XCBuildConfiguration section */

/* Begin XCConfigurationList section */
		1D6058960D05DD3E006BFB54 /* Build configuration list for PBXNativeTarget "AtlasCopcoKIO" */ = {
			isa = XCConfigurationList;
			buildConfigurations = (
				1D6058940D05DD3E006BFB54 /* Debug */,
				1D6058950D05DD3E006BFB54 /* Release */,
			);
			defaultConfigurationIsVisible = 0;
			defaultConfigurationName = Release;
		};
		C01FCF4E08A954540054247B /* Build configuration list for PBXProject "AtlasCopcoKIO" */ = {
			isa = XCConfigurationList;
			buildConfigurations = (
				C01FCF4F08A954540054247B /* Debug */,
				C01FCF5008A954540054247B /* Release */,
			);
			defaultConfigurationIsVisible = 0;
			defaultConfigurationName = Release;
		};
/* End XCConfigurationList section */
	};
	rootObject = 29B97313FDCFA39411CA2CEA /* Project object */;
}
